{
  "name": "github-stars-by-month",
  "version": "0.1.0",
  "lockfileVersion": 1,
  "requires": true,
  "dependencies": {
    "agent-base": {
      "version": "https://registry.npmjs.org/agent-base/-/agent-base-2.0.1.tgz",
      "integrity": "sha1-vY+ehqjrIh//oHvRS+/VXfFCgV4=",
      "requires": {
        "extend": "https://registry.npmjs.org/extend/-/extend-3.0.0.tgz",
        "semver": "https://registry.npmjs.org/semver/-/semver-5.0.3.tgz"
      }
    },
    "asap": {
      "version": "https://registry.npmjs.org/asap/-/asap-2.0.5.tgz",
      "integrity": "sha1-UidltQw1EEkOUtfc/ghe+bqWlY8="
    },
    "bluebird": {
      "version": "https://registry.npmjs.org/bluebird/-/bluebird-3.5.0.tgz",
      "integrity": "sha1-eRQg1/VR7qKJdFOop3ZT+WYG1nw="
    },
    "debug": {
      "version": "https://registry.npmjs.org/debug/-/debug-2.6.1.tgz",
      "integrity": "sha1-eYVQkLosTjEVzH2HaUkdWPBJE1E=",
      "requires": {
        "ms": "https://registry.npmjs.org/ms/-/ms-0.7.2.tgz"
      }
    },
    "extend": {
      "version": "https://registry.npmjs.org/extend/-/extend-3.0.0.tgz",
      "integrity": "sha1-WkdDU7nzNT3dgXbf03uRyDpG8dQ="
    },
    "follow-redirects": {
      "version": "https://registry.npmjs.org/follow-redirects/-/follow-redirects-0.0.7.tgz",
      "integrity": "sha1-NLkLqyqRGqNHVx2pDyK9NuzYqRk=",
      "requires": {
        "debug": "https://registry.npmjs.org/debug/-/debug-2.6.1.tgz",
        "stream-consume": "https://registry.npmjs.org/stream-consume/-/stream-consume-0.1.0.tgz"
      }
    },
    "github": {
      "version": "https://registry.npmjs.org/github/-/github-9.1.0.tgz",
      "integrity": "sha1-vD8ptd9mgK2Q6corz5PPH3jnue8=",
      "requires": {
        "follow-redirects": "https://registry.npmjs.org/follow-redirects/-/follow-redirects-0.0.7.tgz",
        "https-proxy-agent": "https://registry.npmjs.org/https-proxy-agent/-/https-proxy-agent-1.0.0.tgz",
        "mime": "https://registry.npmjs.org/mime/-/mime-1.3.4.tgz",
        "netrc": "https://registry.npmjs.org/netrc/-/netrc-0.1.4.tgz"
      }
    },
    "https-proxy-agent": {
      "version": "https://registry.npmjs.org/https-proxy-agent/-/https-proxy-agent-1.0.0.tgz",
      "integrity": "sha1-NffabEjOTdv6JkiRrFk+5f+GceY=",
      "requires": {
        "agent-base": "https://registry.npmjs.org/agent-base/-/agent-base-2.0.1.tgz",
        "debug": "https://registry.npmjs.org/debug/-/debug-2.6.1.tgz",
        "extend": "https://registry.npmjs.org/extend/-/extend-3.0.0.tgz"
      }
    },
    "lodash": {
      "version": "4.17.4",
      "resolved": "https://registry.npmjs.org/lodash/-/lodash-4.17.4.tgz",
      "integrity": "sha1-eCA6TRwyiuHYbcpkYONptX9AVa4="
    },
    "mime": {
      "version": "https://registry.npmjs.org/mime/-/mime-1.3.4.tgz",
      "integrity": "sha1-EV+eO2s9rylZmDyzjxSaLUDrXVM="
    },
    "ms": {
      "version": "https://registry.npmjs.org/ms/-/ms-0.7.2.tgz",
      "integrity": "sha1-riXPJRKziFodldfwN4aNhDESR2U="
    },
    "netrc": {
      "version": "https://registry.npmjs.org/netrc/-/netrc-0.1.4.tgz",
      "integrity": "sha1-a+lPysqNd63gqWcNxGCRTJRHJEQ="
    },
    "node-github-api": {
      "version": "https://registry.npmjs.org/node-github-api/-/node-github-api-0.0.2.tgz",
      "integrity": "sha1-egPASy/WqTbmzaaCRXBfOrqaFTs=",
      "requires": {
        "github": "https://registry.npmjs.org/github/-/github-0.1.16.tgz",
        "lodash": "2.4.2",
        "q": "https://registry.npmjs.org/q/-/q-2.0.3.tgz"
      },
      "dependencies": {
        "github": {
          "version": "https://registry.npmjs.org/github/-/github-0.1.16.tgz",
          "integrity": "sha1-iV0qhbD+t5gNiawM5PRNyqA/F7U="
        },
        "lodash": {
          "version": "2.4.2",
          "resolved": "https://registry.npmjs.org/lodash/-/lodash-2.4.2.tgz",
          "integrity": "sha1-+t2DS5aDBz2hebPq5tnA0VBT9z4="
        }
      }
    },
    "pop-iterate": {
      "version": "https://registry.npmjs.org/pop-iterate/-/pop-iterate-1.0.1.tgz",
      "integrity": "sha1-zqz9q0q/NT16DyqqLB/Hs/lBO6M="
    },
    "q": {
      "version": "https://registry.npmjs.org/q/-/q-2.0.3.tgz",
      "integrity": "sha1-dbjbAlWhpa+C9Yw/Oqoe/sfQ0TQ=",
      "requires": {
        "asap": "https://registry.npmjs.org/asap/-/asap-2.0.5.tgz",
        "pop-iterate": "https://registry.npmjs.org/pop-iterate/-/pop-iterate-1.0.1.tgz",
        "weak-map": "https://registry.npmjs.org/weak-map/-/weak-map-1.0.5.tgz"
      }
    },
    "semver": {
      "version": "https://registry.npmjs.org/semver/-/semver-5.0.3.tgz",
      "integrity": "sha1-d0Zt5YnNXTyV8TiqeLxWmjy10no="
    },
    "stream-consume": {
      "version": "https://registry.npmjs.org/stream-consume/-/stream-consume-0.1.0.tgz",
      "integrity": "sha1-pB6tGm1ggc63n2WwYZAbbY89HQ8="
    },
    "weak-map": {
      "version": "https://registry.npmjs.org/weak-map/-/weak-map-1.0.5.tgz",
      "integrity": "sha1-eWkVhNmGB/UHC9O3CkDmuyLkAes="
    }
  }
}
