{
  "name": "github-stars-by-month",
  "version": "0.2.0",
  "lockfileVersion": 1,
  "requires": true,
  "dependencies": {
    "agent-base": {
      "version": "2.0.1",
      "resolved": "https://registry.npmjs.org/agent-base/-/agent-base-2.0.1.tgz",
      "integrity": "sha1-vY+ehqjrIh//oHvRS+/VXfFCgV4=",
      "requires": {
        "extend": "~3.0.0",
        "semver": "~5.0.1"
      }
    },
    "asap": {
      "version": "2.0.5",
      "resolved": "https://registry.npmjs.org/asap/-/asap-2.0.5.tgz",
      "integrity": "sha1-UidltQw1EEkOUtfc/ghe+bqWlY8="
    },
    "bluebird": {
      "version": "3.5.0",
      "resolved": "https://registry.npmjs.org/bluebird/-/bluebird-3.5.0.tgz",
      "integrity": "sha1-eRQg1/VR7qKJdFOop3ZT+WYG1nw="
    },
    "boring": {
      "version": "0.1.0",
      "resolved": "https://registry.npmjs.org/boring/-/boring-0.1.0.tgz",
      "integrity": "sha1-zukemA5XuFYeaV7s5c7skVjIdyM="
    },
    "dayjs": {
      "version": "1.8.25",
      "resolved": "https://registry.npmjs.org/dayjs/-/dayjs-1.8.25.tgz",
      "integrity": "sha512-Pk36juDfQQGDCgr0Lqd1kw15w3OS6xt21JaLPE3lCfsEf8KrERGwDNwvK1tRjrjqFC0uZBJncT4smZQ4F+uV5g=="
    },
    "debug": {
      "version": "2.6.9",
      "resolved": "https://registry.npmjs.org/debug/-/debug-2.6.9.tgz",
      "integrity": "sha512-bC7ElrdJaJnPbAP+1EotYvqZsb3ecl5wi6Bfi6BJTUcNowp6cvspg0jXznRTKDjm/E7AdgFBVeAPVMNcKGsHMA==",
      "requires": {
        "ms": "2.0.0"
      },
      "dependencies": {
        "ms": {
          "version": "2.0.0",
          "resolved": "https://registry.npmjs.org/ms/-/ms-2.0.0.tgz",
          "integrity": "sha1-VgiurfwAvmwpAd9fmGF4jeDVl8g="
        }
      }
    },
    "extend": {
      "version": "3.0.2",
      "resolved": "https://registry.npmjs.org/extend/-/extend-3.0.2.tgz",
      "integrity": "sha512-fjquC59cD7CyW6urNXK0FBufkZcoiGG80wTuPujX590cB5Ttln20E2UB4S/WARVqhXffZl2LNgS+gQdPIIim/g=="
    },
    "follow-redirects": {
      "version": "0.0.7",
      "resolved": "https://registry.npmjs.org/follow-redirects/-/follow-redirects-0.0.7.tgz",
      "integrity": "sha1-NLkLqyqRGqNHVx2pDyK9NuzYqRk=",
      "requires": {
        "debug": "^2.2.0",
        "stream-consume": "^0.1.0"
      }
    },
    "github": {
      "version": "9.1.0",
      "resolved": "https://registry.npmjs.org/github/-/github-9.1.0.tgz",
      "integrity": "sha1-vD8ptd9mgK2Q6corz5PPH3jnue8=",
      "requires": {
        "follow-redirects": "0.0.7",
        "https-proxy-agent": "^1.0.0",
        "mime": "^1.2.11",
        "netrc": "^0.1.4"
      }
    },
    "https-proxy-agent": {
      "version": "1.0.0",
      "resolved": "https://registry.npmjs.org/https-proxy-agent/-/https-proxy-agent-1.0.0.tgz",
      "integrity": "sha1-NffabEjOTdv6JkiRrFk+5f+GceY=",
      "requires": {
        "agent-base": "2",
        "debug": "2",
        "extend": "3"
      }
    },
    "lodash": {
      "version": "4.17.19",
      "resolved": "https://registry.npmjs.org/lodash/-/lodash-4.17.19.tgz",
      "integrity": "sha512-JNvd8XER9GQX0v2qJgsaN/mzFCNA5BRe/j8JN9d+tWyGLSodKQHKFicdwNYzWwI3wjRnaKPsGj1XkBjx/F96DQ=="
    },
    "mime": {
      "version": "1.6.0",
      "resolved": "https://registry.npmjs.org/mime/-/mime-1.6.0.tgz",
      "integrity": "sha512-x0Vn8spI+wuJ1O6S7gnbaQg8Pxh4NNHb7KSINmEWKiPE4RKOplvijn+NkmYmmRgP68mc70j2EbeTFRsrswaQeg=="
    },
    "netrc": {
      "version": "0.1.4",
      "resolved": "https://registry.npmjs.org/netrc/-/netrc-0.1.4.tgz",
      "integrity": "sha1-a+lPysqNd63gqWcNxGCRTJRHJEQ="
    },
    "node-github-api": {
      "version": "0.0.2",
      "resolved": "https://registry.npmjs.org/node-github-api/-/node-github-api-0.0.2.tgz",
      "integrity": "sha1-egPASy/WqTbmzaaCRXBfOrqaFTs=",
      "requires": {
        "github": "^0.1.16",
        "lodash": "^2.4.1",
        "q": "^2.0.1"
      },
      "dependencies": {
        "github": {
          "version": "0.1.16",
          "resolved": "https://registry.npmjs.org/github/-/github-0.1.16.tgz",
          "integrity": "sha1-iV0qhbD+t5gNiawM5PRNyqA/F7U="
        },
        "lodash": {
          "version": "2.4.2",
          "resolved": "https://registry.npmjs.org/lodash/-/lodash-2.4.2.tgz",
          "integrity": "sha1-+t2DS5aDBz2hebPq5tnA0VBT9z4="
        }
      }
    },
    "pop-iterate": {
      "version": "1.0.1",
      "resolved": "https://registry.npmjs.org/pop-iterate/-/pop-iterate-1.0.1.tgz",
      "integrity": "sha1-zqz9q0q/NT16DyqqLB/Hs/lBO6M="
    },
    "q": {
      "version": "2.0.3",
      "resolved": "https://registry.npmjs.org/q/-/q-2.0.3.tgz",
      "integrity": "sha1-dbjbAlWhpa+C9Yw/Oqoe/sfQ0TQ=",
      "requires": {
        "asap": "^2.0.0",
        "pop-iterate": "^1.0.1",
        "weak-map": "^1.0.5"
      }
    },
    "semver": {
      "version": "5.0.3",
      "resolved": "https://registry.npmjs.org/semver/-/semver-5.0.3.tgz",
      "integrity": "sha1-d0Zt5YnNXTyV8TiqeLxWmjy10no="
    },
    "stream-consume": {
      "version": "0.1.0",
      "resolved": "https://registry.npmjs.org/stream-consume/-/stream-consume-0.1.0.tgz",
      "integrity": "sha1-pB6tGm1ggc63n2WwYZAbbY89HQ8="
    },
    "weak-map": {
      "version": "1.0.5",
      "resolved": "https://registry.npmjs.org/weak-map/-/weak-map-1.0.5.tgz",
      "integrity": "sha1-eWkVhNmGB/UHC9O3CkDmuyLkAes="
    }
  }
}
